
Microsoft Visual Studio Solution File, Format Version 12.00
# Visual Studio Version 17
VisualStudioVersion = 17.10.35013.160
MinimumVisualStudioVersion = 10.0.40219.1
Project("{FAE04EC0-301F-11D3-BF4B-00C04F79EFBC}") = "SerializeDeserializeDemo", "SerializeDeserializeDemo.csproj", "{9EA4ED18-F875-4BB6-A012-8BACB9DD726E}"
EndProject
Global
	GlobalSection(SolutionConfigurationPlatforms) = preSolution
		Debug|Any CPU = Debug|Any CPU
		Release|Any CPU = Release|Any CPU
	EndGlobalSection
	GlobalSection(ProjectConfigurationPlatforms) = postSolution
		{9EA4ED18-F875-4BB6-A012-8BACB9DD726E}.Debug|Any CPU.ActiveCfg = Debug|Any CPU
		{9EA4ED18-F875-4BB6-A012-8BACB9DD726E}.Debug|Any CPU.Build.0 = Debug|Any CPU
		{9EA4ED18-F875-4BB6-A012-8BACB9DD726E}.Release|Any CPU.ActiveCfg = Release|Any CPU
		{9EA4ED18-F875-4BB6-A012-8BACB9DD726E}.Release|Any CPU.Build.0 = Release|Any CPU
	EndGlobalSection
	GlobalSection(SolutionProperties) = preSolution
		HideSolutionNode = FALSE
	EndGlobalSection
	GlobalSection(ExtensibilityGlobals) = postSolution
		SolutionGuid = {DC85C07D-B661-4310-B4C9-F6936D953885}
	EndGlobalSection
EndGlobal
