
Microsoft Visual Studio Solution File, Format Version 12.00
# Visual Studio Version 17
VisualStudioVersion = 17.10.35013.160
MinimumVisualStudioVersion = 10.0.40219.1
Project("{FAE04EC0-301F-11D3-BF4B-00C04F79EFBC}") = "RealTimeStreamingDemo", "RealTimeStreamingDemo.csproj", "{D698D5F5-454B-4127-8918-E18FE22CAC34}"
EndProject
Global
	GlobalSection(SolutionConfigurationPlatforms) = preSolution
		Debug|Any CPU = Debug|Any CPU
		Release|Any CPU = Release|Any CPU
	EndGlobalSection
	GlobalSection(ProjectConfigurationPlatforms) = postSolution
		{D698D5F5-454B-4127-8918-E18FE22CAC34}.Debug|Any CPU.ActiveCfg = Debug|Any CPU
		{D698D5F5-454B-4127-8918-E18FE22CAC34}.Debug|Any CPU.Build.0 = Debug|Any CPU
		{D698D5F5-454B-4127-8918-E18FE22CAC34}.Release|Any CPU.ActiveCfg = Release|Any CPU
		{D698D5F5-454B-4127-8918-E18FE22CAC34}.Release|Any CPU.Build.0 = Release|Any CPU
	EndGlobalSection
	GlobalSection(SolutionProperties) = preSolution
		HideSolutionNode = FALSE
	EndGlobalSection
	GlobalSection(ExtensibilityGlobals) = postSolution
		SolutionGuid = {B6FB0297-F375-4582-B899-6ADC0A575B3C}
	EndGlobalSection
EndGlobal
