
Microsoft Visual Studio Solution File, Format Version 12.00
# Visual Studio Version 17
VisualStudioVersion = 17.10.35013.160
MinimumVisualStudioVersion = 10.0.40219.1
Project("{FAE04EC0-301F-11D3-BF4B-00C04F79EFBC}") = "PlateDirectPaymentApi", "PlateDirectPaymentApi.csproj", "{F48051A7-3228-4108-84BF-10AE9698A989}"
EndProject
Global
	GlobalSection(SolutionConfigurationPlatforms) = preSolution
		Debug|Any CPU = Debug|Any CPU
		Release|Any CPU = Release|Any CPU
	EndGlobalSection
	GlobalSection(ProjectConfigurationPlatforms) = postSolution
		{F48051A7-3228-4108-84BF-10AE9698A989}.Debug|Any CPU.ActiveCfg = Debug|Any CPU
		{F48051A7-3228-4108-84BF-10AE9698A989}.Debug|Any CPU.Build.0 = Debug|Any CPU
		{F48051A7-3228-4108-84BF-10AE9698A989}.Release|Any CPU.ActiveCfg = Release|Any CPU
		{F48051A7-3228-4108-84BF-10AE9698A989}.Release|Any CPU.Build.0 = Release|Any CPU
	EndGlobalSection
	GlobalSection(SolutionProperties) = preSolution
		HideSolutionNode = FALSE
	EndGlobalSection
	GlobalSection(ExtensibilityGlobals) = postSolution
		SolutionGuid = {DB60534E-AD73-4E10-8FAE-974CD119EC25}
	EndGlobalSection
EndGlobal
