
Microsoft Visual Studio Solution File, Format Version 12.00
# Visual Studio Version 17
VisualStudioVersion = 17.10.35013.160
MinimumVisualStudioVersion = 10.0.40219.1
Project("{FAE04EC0-301F-11D3-BF4B-00C04F79EFBC}") = "community_hub", "community_hub.csproj", "{DC05F185-A223-4FFF-9D31-E203CDA4BB39}"
EndProject
Global
	GlobalSection(SolutionConfigurationPlatforms) = preSolution
		Debug|Any CPU = Debug|Any CPU
		Release|Any CPU = Release|Any CPU
	EndGlobalSection
	GlobalSection(ProjectConfigurationPlatforms) = postSolution
		{DC05F185-A223-4FFF-9D31-E203CDA4BB39}.Debug|Any CPU.ActiveCfg = Debug|Any CPU
		{DC05F185-A223-4FFF-9D31-E203CDA4BB39}.Debug|Any CPU.Build.0 = Debug|Any CPU
		{DC05F185-A223-4FFF-9D31-E203CDA4BB39}.Release|Any CPU.ActiveCfg = Release|Any CPU
		{DC05F185-A223-4FFF-9D31-E203CDA4BB39}.Release|Any CPU.Build.0 = Release|Any CPU
	EndGlobalSection
	GlobalSection(SolutionProperties) = preSolution
		HideSolutionNode = FALSE
	EndGlobalSection
	GlobalSection(ExtensibilityGlobals) = postSolution
		SolutionGuid = {172ADB18-34EC-4A27-87AC-AAED369A06A8}
	EndGlobalSection
EndGlobal
